// !$*UTF8*$!
{
	archiveVersion = 1;
	classes = {
	};
	objectVersion = 50;
	objects = {

/* Begin PBXBuildFile section */
		3D374E5626A1C63500C86470 /* AppDelegate.m in Sources */ = {isa = PBXBuildFile; fileRef = 3D374E5526A1C63500C86470 /* AppDelegate.m */; };
		3D374E5C26A1C63500C86470 /* ViewController.m in Sources */ = {isa = PBXBuildFile; fileRef = 3D374E5B26A1C63500C86470 /* ViewController.m */; };
		3D374E6126A1C63700C86470 /* Assets.xcassets in Resources */ = {isa = PBXBuildFile; fileRef = 3D374E6026A1C63700C86470 /* Assets.xcassets */; };
		3D374E6426A1C63700C86470 /* LaunchScreen.storyboard in Resources */ = {isa = PBXBuildFile; fileRef = 3D374E6226A1C63700C86470 /* LaunchScreen.storyboard */; };
		3D374E6726A1C63700C86470 /* main.m in Sources */ = {isa = PBXBuildFile; fileRef = 3D374E6626A1C63700C86470 /* main.m */; };
		3D374E7026A1CCCB00C86470 /* Montserrat-Medium.ttf in Resources */ = {isa = PBXBuildFile; fileRef = 3D374E6E26A1CCCB00C86470 /* Montserrat-Medium.ttf */; };
		3D374E7126A1CCCB00C86470 /* Montserrat-Regular.ttf in Resources */ = {isa = PBXBuildFile; fileRef = 3D374E6F26A1CCCB00C86470 /* Montserrat-Regular.ttf */; };
		3D374E7626A1D8A100C86470 /* DrawingsViewController.swift in Sources */ = {isa = PBXBuildFile; fileRef = 3D374E7526A1D8A100C86470 /* DrawingsViewController.swift */; };
		3D374E7926A1EFA000C86470 /* KLButton.m in Sources */ = {isa = PBXBuildFile; fileRef = 3D374E7826A1EFA000C86470 /* KLButton.m */; };
		3D374E7D26A2C18F00C86470 /* KLView.m in Sources */ = {isa = PBXBuildFile; fileRef = 3D374E7C26A2C18F00C86470 /* KLView.m */; };
/* End PBXBuildFile section */

/* Begin PBXFileReference section */
		3D374E5126A1C63500C86470 /* RSSchool_T8.app */ = {isa = PBXFileReference; explicitFileType = wrapper.application; includeInIndex = 0; path = RSSchool_T8.app; sourceTree = BUILT_PRODUCTS_DIR; };
		3D374E5426A1C63500C86470 /* AppDelegate.h */ = {isa = PBXFileReference; lastKnownFileType = sourcecode.c.h; path = AppDelegate.h; sourceTree = "<group>"; };
		3D374E5526A1C63500C86470 /* AppDelegate.m */ = {isa = PBXFileReference; lastKnownFileType = sourcecode.c.objc; path = AppDelegate.m; sourceTree = "<group>"; };
		3D374E5A26A1C63500C86470 /* ViewController.h */ = {isa = PBXFileReference; lastKnownFileType = sourcecode.c.h; path = ViewController.h; sourceTree = "<group>"; };
		3D374E5B26A1C63500C86470 /* ViewController.m */ = {isa = PBXFileReference; lastKnownFileType = sourcecode.c.objc; path = ViewController.m; sourceTree = "<group>"; };
		3D374E6026A1C63700C86470 /* Assets.xcassets */ = {isa = PBXFileReference; lastKnownFileType = folder.assetcatalog; path = Assets.xcassets; sourceTree = "<group>"; };
		3D374E6326A1C63700C86470 /* Base */ = {isa = PBXFileReference; lastKnownFileType = file.storyboard; name = Base; path = Base.lproj/LaunchScreen.storyboard; sourceTree = "<group>"; };
		3D374E6526A1C63700C86470 /* Info.plist */ = {isa = PBXFileReference; lastKnownFileType = text.plist.xml; path = Info.plist; sourceTree = "<group>"; };
		3D374E6626A1C63700C86470 /* main.m */ = {isa = PBXFileReference; lastKnownFileType = sourcecode.c.objc; path = main.m; sourceTree = "<group>"; };
		3D374E6E26A1CCCB00C86470 /* Montserrat-Medium.ttf */ = {isa = PBXFileReference; lastKnownFileType = file; path = "Montserrat-Medium.ttf"; sourceTree = "<group>"; };
		3D374E6F26A1CCCB00C86470 /* Montserrat-Regular.ttf */ = {isa = PBXFileReference; lastKnownFileType = file; path = "Montserrat-Regular.ttf"; sourceTree = "<group>"; };
		3D374E7426A1D8A100C86470 /* RSSchool_T8-Bridging-Header.h */ = {isa = PBXFileReference; lastKnownFileType = sourcecode.c.h; path = "RSSchool_T8-Bridging-Header.h"; sourceTree = "<group>"; };
		3D374E7526A1D8A100C86470 /* DrawingsViewController.swift */ = {isa = PBXFileReference; lastKnownFileType = sourcecode.swift; path = DrawingsViewController.swift; sourceTree = "<group>"; };
		3D374E7726A1EFA000C86470 /* KLButton.h */ = {isa = PBXFileReference; lastKnownFileType = sourcecode.c.h; path = KLButton.h; sourceTree = "<group>"; };
		3D374E7826A1EFA000C86470 /* KLButton.m */ = {isa = PBXFileReference; lastKnownFileType = sourcecode.c.objc; path = KLButton.m; sourceTree = "<group>"; };
		3D374E7B26A2C18F00C86470 /* KLView.h */ = {isa = PBXFileReference; lastKnownFileType = sourcecode.c.h; path = KLView.h; sourceTree = "<group>"; };
		3D374E7C26A2C18F00C86470 /* KLView.m */ = {isa = PBXFileReference; lastKnownFileType = sourcecode.c.objc; path = KLView.m; sourceTree = "<group>"; };
/* End PBXFileReference section */

/* Begin PBXFrameworksBuildPhase section */
		3D374E4E26A1C63500C86470 /* Frameworks */ = {
			isa = PBXFrameworksBuildPhase;
			buildActionMask = 2147483647;
			files = (
			);
			runOnlyForDeploymentPostprocessing = 0;
		};
/* End PBXFrameworksBuildPhase section */

/* Begin PBXGroup section */
		3D374E4826A1C63500C86470 = {
			isa = PBXGroup;
			children = (
				3D374E5326A1C63500C86470 /* RSSchool_T8 */,
				3D374E5226A1C63500C86470 /* Products */,
			);
			sourceTree = "<group>";
		};
		3D374E5226A1C63500C86470 /* Products */ = {
			isa = PBXGroup;
			children = (
				3D374E5126A1C63500C86470 /* RSSchool_T8.app */,
			);
			name = Products;
			sourceTree = "<group>";
		};
		3D374E5326A1C63500C86470 /* RSSchool_T8 */ = {
			isa = PBXGroup;
			children = (
				3D374E6D26A1CC0B00C86470 /* Fonts */,
				3D374E7226A1D3A800C86470 /* System */,
				3D374E7326A1D6CD00C86470 /* Artist */,
				3D374E6026A1C63700C86470 /* Assets.xcassets */,
				3D374E6526A1C63700C86470 /* Info.plist */,
				3D374E7526A1D8A100C86470 /* DrawingsViewController.swift */,
				3D374E7426A1D8A100C86470 /* RSSchool_T8-Bridging-Header.h */,
				3D374E7F26A2C1A500C86470 /* Custom Items */,
			);
			path = RSSchool_T8;
			sourceTree = "<group>";
		};
		3D374E6D26A1CC0B00C86470 /* Fonts */ = {
			isa = PBXGroup;
			children = (
				3D374E6E26A1CCCB00C86470 /* Montserrat-Medium.ttf */,
				3D374E6F26A1CCCB00C86470 /* Montserrat-Regular.ttf */,
			);
			path = Fonts;
			sourceTree = "<group>";
		};
		3D374E7226A1D3A800C86470 /* System */ = {
			isa = PBXGroup;
			children = (
				3D374E5426A1C63500C86470 /* AppDelegate.h */,
				3D374E5526A1C63500C86470 /* AppDelegate.m */,
				3D374E6226A1C63700C86470 /* LaunchScreen.storyboard */,
				3D374E6626A1C63700C86470 /* main.m */,
			);
			path = System;
			sourceTree = "<group>";
		};
		3D374E7326A1D6CD00C86470 /* Artist */ = {
			isa = PBXGroup;
			children = (
				3D374E5A26A1C63500C86470 /* ViewController.h */,
				3D374E5B26A1C63500C86470 /* ViewController.m */,
			);
			path = Artist;
			sourceTree = "<group>";
		};
		3D374E7A26A1F03B00C86470 /* Buttons */ = {
			isa = PBXGroup;
			children = (
				3D374E7726A1EFA000C86470 /* KLButton.h */,
				3D374E7826A1EFA000C86470 /* KLButton.m */,
			);
			path = Buttons;
			sourceTree = "<group>";
		};
		3D374E7E26A2C19600C86470 /* Canvas */ = {
			isa = PBXGroup;
			children = (
				3D374E7B26A2C18F00C86470 /* KLView.h */,
				3D374E7C26A2C18F00C86470 /* KLView.m */,
			);
			path = Canvas;
			sourceTree = "<group>";
		};
		3D374E7F26A2C1A500C86470 /* Custom Items */ = {
			isa = PBXGroup;
			children = (
				3D374E7E26A2C19600C86470 /* Canvas */,
				3D374E7A26A1F03B00C86470 /* Buttons */,
			);
			path = "Custom Items";
			sourceTree = "<group>";
		};
/* End PBXGroup section */

/* Begin PBXNativeTarget section */
		3D374E5026A1C63500C86470 /* RSSchool_T8 */ = {
			isa = PBXNativeTarget;
			buildConfigurationList = 3D374E6A26A1C63700C86470 /* Build configuration list for PBXNativeTarget "RSSchool_T8" */;
			buildPhases = (
				3D374E4D26A1C63500C86470 /* Sources */,
				3D374E4E26A1C63500C86470 /* Frameworks */,
				3D374E4F26A1C63500C86470 /* Resources */,
			);
			buildRules = (
			);
			dependencies = (
			);
			name = RSSchool_T8;
			productName = RSSchool_T8;
			productReference = 3D374E5126A1C63500C86470 /* RSSchool_T8.app */;
			productType = "com.apple.product-type.application";
		};
/* End PBXNativeTarget section */

/* Begin PBXProject section */
		3D374E4926A1C63500C86470 /* Project object */ = {
			isa = PBXProject;
			attributes = {
				LastUpgradeCheck = 1250;
				TargetAttributes = {
					3D374E5026A1C63500C86470 = {
						CreatedOnToolsVersion = 12.5.1;
						LastSwiftMigration = 1250;
					};
				};
			};
			buildConfigurationList = 3D374E4C26A1C63500C86470 /* Build configuration list for PBXProject "RSSchool_T8" */;
			compatibilityVersion = "Xcode 9.3";
			developmentRegion = en;
			hasScannedForEncodings = 0;
			knownRegions = (
				en,
				Base,
			);
			mainGroup = 3D374E4826A1C63500C86470;
			productRefGroup = 3D374E5226A1C63500C86470 /* Products */;
			projectDirPath = "";
			projectRoot = "";
			targets = (
				3D374E5026A1C63500C86470 /* RSSchool_T8 */,
			);
		};
/* End PBXProject section */

/* Begin PBXResourcesBuildPhase section */
		3D374E4F26A1C63500C86470 /* Resources */ = {
			isa = PBXResourcesBuildPhase;
			buildActionMask = 2147483647;
			files = (
				3D374E7126A1CCCB00C86470 /* Montserrat-Regular.ttf in Resources */,
				3D374E6426A1C63700C86470 /* LaunchScreen.storyboard in Resources */,
				3D374E7026A1CCCB00C86470 /* Montserrat-Medium.ttf in Resources */,
				3D374E6126A1C63700C86470 /* Assets.xcassets in Resources */,
			);
			runOnlyForDeploymentPostprocessing = 0;
		};
/* End PBXResourcesBuildPhase section */

/* Begin PBXSourcesBuildPhase section */
		3D374E4D26A1C63500C86470 /* Sources */ = {
			isa = PBXSourcesBuildPhase;
			buildActionMask = 2147483647;
			files = (
				3D374E5C26A1C63500C86470 /* ViewController.m in Sources */,
				3D374E7926A1EFA000C86470 /* KLButton.m in Sources */,
				3D374E7626A1D8A100C86470 /* DrawingsViewController.swift in Sources */,
				3D374E5626A1C63500C86470 /* AppDelegate.m in Sources */,
				3D374E6726A1C63700C86470 /* main.m in Sources */,
				3D374E7D26A2C18F00C86470 /* KLView.m in Sources */,
			);
			runOnlyForDeploymentPostprocessing = 0;
		};
/* End PBXSourcesBuildPhase section */

/* Begin PBXVariantGroup section */
		3D374E6226A1C63700C86470 /* LaunchScreen.storyboard */ = {
			isa = PBXVariantGroup;
			children = (
				3D374E6326A1C63700C86470 /* Base */,
			);
			name = LaunchScreen.storyboard;
			sourceTree = "<group>";
		};
/* End PBXVariantGroup section */

/* Begin XCBuildConfiguration section */
		3D374E6826A1C63700C86470 /* Debug */ = {
			isa = XCBuildConfiguration;
			buildSettings = {
				ALWAYS_SEARCH_USER_PATHS = NO;
				CLANG_ANALYZER_NONNULL = YES;
				CLANG_ANALYZER_NUMBER_OBJECT_CONVERSION = YES_AGGRESSIVE;
				CLANG_CXX_LANGUAGE_STANDARD = "gnu++14";
				CLANG_CXX_LIBRARY = "libc++";
				CLANG_ENABLE_MODULES = YES;
				CLANG_ENABLE_OBJC_ARC = YES;
				CLANG_ENABLE_OBJC_WEAK = YES;
				CLANG_WARN_BLOCK_CAPTURE_AUTORELEASING = YES;
				CLANG_WARN_BOOL_CONVERSION = YES;
				CLANG_WARN_COMMA = YES;
				CLANG_WARN_CONSTANT_CONVERSION = YES;
				CLANG_WARN_DEPRECATED_OBJC_IMPLEMENTATIONS = YES;
				CLANG_WARN_DIRECT_OBJC_ISA_USAGE = YES_ERROR;
				CLANG_WARN_DOCUMENTATION_COMMENTS = YES;
				CLANG_WARN_EMPTY_BODY = YES;
				CLANG_WARN_ENUM_CONVERSION = YES;
				CLANG_WARN_INFINITE_RECURSION = YES;
				CLANG_WARN_INT_CONVERSION = YES;
				CLANG_WARN_NON_LITERAL_NULL_CONVERSION = YES;
				CLANG_WARN_OBJC_IMPLICIT_RETAIN_SELF = YES;
				CLANG_WARN_OBJC_LITERAL_CONVERSION = YES;
				CLANG_WARN_OBJC_ROOT_CLASS = YES_ERROR;
				CLANG_WARN_QUOTED_INCLUDE_IN_FRAMEWORK_HEADER = YES;
				CLANG_WARN_RANGE_LOOP_ANALYSIS = YES;
				CLANG_WARN_STRICT_PROTOTYPES = YES;
				CLANG_WARN_SUSPICIOUS_MOVE = YES;
				CLANG_WARN_UNGUARDED_AVAILABILITY = YES_AGGRESSIVE;
				CLANG_WARN_UNREACHABLE_CODE = YES;
				CLANG_WARN__DUPLICATE_METHOD_MATCH = YES;
				COPY_PHASE_STRIP = NO;
				DEBUG_INFORMATION_FORMAT = dwarf;
				ENABLE_STRICT_OBJC_MSGSEND = YES;
				ENABLE_TESTABILITY = YES;
				GCC_C_LANGUAGE_STANDARD = gnu11;
				GCC_DYNAMIC_NO_PIC = NO;
				GCC_NO_COMMON_BLOCKS = YES;
				GCC_OPTIMIZATION_LEVEL = 0;
				GCC_PREPROCESSOR_DEFINITIONS = (
					"DEBUG=1",
					"$(inherited)",
				);
				GCC_WARN_64_TO_32_BIT_CONVERSION = YES;
				GCC_WARN_ABOUT_RETURN_TYPE = YES_ERROR;
				GCC_WARN_UNDECLARED_SELECTOR = YES;
				GCC_WARN_UNINITIALIZED_AUTOS = YES_AGGRESSIVE;
				GCC_WARN_UNUSED_FUNCTION = YES;
				GCC_WARN_UNUSED_VARIABLE = YES;
				IPHONEOS_DEPLOYMENT_TARGET = 12.1;
				MTL_ENABLE_DEBUG_INFO = INCLUDE_SOURCE;
				MTL_FAST_MATH = YES;
				ONLY_ACTIVE_ARCH = YES;
				SDKROOT = iphoneos;
			};
			name = Debug;
		};
		3D374E6926A1C63700C86470 /* Release */ = {
			isa = XCBuildConfiguration;
			buildSettings = {
				ALWAYS_SEARCH_USER_PATHS = NO;
				CLANG_ANALYZER_NONNULL = YES;
				CLANG_ANALYZER_NUMBER_OBJECT_CONVERSION = YES_AGGRESSIVE;
				CLANG_CXX_LANGUAGE_STANDARD = "gnu++14";
				CLANG_CXX_LIBRARY = "libc++";
				CLANG_ENABLE_MODULES = YES;
				CLANG_ENABLE_OBJC_ARC = YES;
				CLANG_ENABLE_OBJC_WEAK = YES;
				CLANG_WARN_BLOCK_CAPTURE_AUTORELEASING = YES;
				CLANG_WARN_BOOL_CONVERSION = YES;
				CLANG_WARN_COMMA = YES;
				CLANG_WARN_CONSTANT_CONVERSION = YES;
				CLANG_WARN_DEPRECATED_OBJC_IMPLEMENTATIONS = YES;
				CLANG_WARN_DIRECT_OBJC_ISA_USAGE = YES_ERROR;
				CLANG_WARN_DOCUMENTATION_COMMENTS = YES;
				CLANG_WARN_EMPTY_BODY = YES;
				CLANG_WARN_ENUM_CONVERSION = YES;
				CLANG_WARN_INFINITE_RECURSION = YES;
				CLANG_WARN_INT_CONVERSION = YES;
				CLANG_WARN_NON_LITERAL_NULL_CONVERSION = YES;
				CLANG_WARN_OBJC_IMPLICIT_RETAIN_SELF = YES;
				CLANG_WARN_OBJC_LITERAL_CONVERSION = YES;
				CLANG_WARN_OBJC_ROOT_CLASS = YES_ERROR;
				CLANG_WARN_QUOTED_INCLUDE_IN_FRAMEWORK_HEADER = YES;
				CLANG_WARN_RANGE_LOOP_ANALYSIS = YES;
				CLANG_WARN_STRICT_PROTOTYPES = YES;
				CLANG_WARN_SUSPICIOUS_MOVE = YES;
				CLANG_WARN_UNGUARDED_AVAILABILITY = YES_AGGRESSIVE;
				CLANG_WARN_UNREACHABLE_CODE = YES;
				CLANG_WARN__DUPLICATE_METHOD_MATCH = YES;
				COPY_PHASE_STRIP = NO;
				DEBUG_INFORMATION_FORMAT = "dwarf-with-dsym";
				ENABLE_NS_ASSERTIONS = NO;
				ENABLE_STRICT_OBJC_MSGSEND = YES;
				GCC_C_LANGUAGE_STANDARD = gnu11;
				GCC_NO_COMMON_BLOCKS = YES;
				GCC_WARN_64_TO_32_BIT_CONVERSION = YES;
				GCC_WARN_ABOUT_RETURN_TYPE = YES_ERROR;
				GCC_WARN_UNDECLARED_SELECTOR = YES;
				GCC_WARN_UNINITIALIZED_AUTOS = YES_AGGRESSIVE;
				GCC_WARN_UNUSED_FUNCTION = YES;
				GCC_WARN_UNUSED_VARIABLE = YES;
				IPHONEOS_DEPLOYMENT_TARGET = 12.1;
				MTL_ENABLE_DEBUG_INFO = NO;
				MTL_FAST_MATH = YES;
				SDKROOT = iphoneos;
				VALIDATE_PRODUCT = YES;
			};
			name = Release;
		};
		3D374E6B26A1C63700C86470 /* Debug */ = {
			isa = XCBuildConfiguration;
			buildSettings = {
				ASSETCATALOG_COMPILER_APPICON_NAME = AppIcon;
				ASSETCATALOG_COMPILER_GLOBAL_ACCENT_COLOR_NAME = AccentColor;
				CLANG_ENABLE_MODULES = YES;
				CODE_SIGN_STYLE = Automatic;
				DEVELOPMENT_TEAM = UK96588ZD7;
				INFOPLIST_FILE = RSSchool_T8/Info.plist;
				IPHONEOS_DEPLOYMENT_TARGET = 12.1;
				LD_RUNPATH_SEARCH_PATHS = (
					"$(inherited)",
					"@executable_path/Frameworks",
				);
				PRODUCT_BUNDLE_IDENTIFIER = "kryshe4ka.RSSchool-T8";
				PRODUCT_NAME = "$(TARGET_NAME)";
				SWIFT_OBJC_BRIDGING_HEADER = "RSSchool_T8/RSSchool_T8-Bridging-Header.h";
				SWIFT_OPTIMIZATION_LEVEL = "-Onone";
				SWIFT_VERSION = 5.0;
				TARGETED_DEVICE_FAMILY = "1,2";
			};
			name = Debug;
		};
		3D374E6C26A1C63700C86470 /* Release */ = {
			isa = XCBuildConfiguration;
			buildSettings = {
				ASSETCATALOG_COMPILER_APPICON_NAME = AppIcon;
				ASSETCATALOG_COMPILER_GLOBAL_ACCENT_COLOR_NAME = AccentColor;
				CLANG_ENABLE_MODULES = YES;
				CODE_SIGN_STYLE = Automatic;
				DEVELOPMENT_TEAM = UK96588ZD7;
				INFOPLIST_FILE = RSSchool_T8/Info.plist;
				IPHONEOS_DEPLOYMENT_TARGET = 12.1;
				LD_RUNPATH_SEARCH_PATHS = (
					"$(inherited)",
					"@executable_path/Frameworks",
				);
				PRODUCT_BUNDLE_IDENTIFIER = "kryshe4ka.RSSchool-T8";
				PRODUCT_NAME = "$(TARGET_NAME)";
				SWIFT_OBJC_BRIDGING_HEADER = "RSSchool_T8/RSSchool_T8-Bridging-Header.h";
				SWIFT_VERSION = 5.0;
				TARGETED_DEVICE_FAMILY = "1,2";
			};
			name = Release;
		};
/* End XCBuildConfiguration section */

/* Begin XCConfigurationList section */
		3D374E4C26A1C63500C86470 /* Build configuration list for PBXProject "RSSchool_T8" */ = {
			isa = XCConfigurationList;
			buildConfigurations = (
				3D374E6826A1C63700C86470 /* Debug */,
				3D374E6926A1C63700C86470 /* Release */,
			);
			defaultConfigurationIsVisible = 0;
			defaultConfigurationName = Release;
		};
		3D374E6A26A1C63700C86470 /* Build configuration list for PBXNativeTarget "RSSchool_T8" */ = {
			isa = XCConfigurationList;
			buildConfigurations = (
				3D374E6B26A1C63700C86470 /* Debug */,
				3D374E6C26A1C63700C86470 /* Release */,
			);
			defaultConfigurationIsVisible = 0;
			defaultConfigurationName = Release;
		};
/* End XCConfigurationList section */
	};
	rootObject = 3D374E4926A1C63500C86470 /* Project object */;
}
